
Microsoft Visual Studio Solution File, Format Version 12.00
# Visual Studio Version 16
VisualStudioVersion = 16.0.31729.503
MinimumVisualStudioVersion = 10.0.40219.1
Project("{FAE04EC0-301F-11D3-BF4B-00C04F79EFBC}") = "PayrollSystem", "PayrollSystem.csproj", "{72998AA1-27EF-4673-BBF1-8BD476E7CC77}"
EndProject
Global
	GlobalSection(SolutionConfigurationPlatforms) = preSolution
		Debug|Any CPU = Debug|Any CPU
		Release|Any CPU = Release|Any CPU
	EndGlobalSection
	GlobalSection(ProjectConfigurationPlatforms) = postSolution
		{72998AA1-27EF-4673-BBF1-8BD476E7CC77}.Debug|Any CPU.ActiveCfg = Debug|Any CPU
		{72998AA1-27EF-4673-BBF1-8BD476E7CC77}.Debug|Any CPU.Build.0 = Debug|Any CPU
		{72998AA1-27EF-4673-BBF1-8BD476E7CC77}.Release|Any CPU.ActiveCfg = Release|Any CPU
		{72998AA1-27EF-4673-BBF1-8BD476E7CC77}.Release|Any CPU.Build.0 = Release|Any CPU
	EndGlobalSection
	GlobalSection(SolutionProperties) = preSolution
		HideSolutionNode = FALSE
	EndGlobalSection
	GlobalSection(ExtensibilityGlobals) = postSolution
		SolutionGuid = {4F33343A-CFC2-4D9E-BC18-B34960063246}
	EndGlobalSection
EndGlobal
